
Microsoft Visual Studio Solution File, Format Version 12.00
# Visual Studio Version 17
VisualStudioVersion = 17.13.35931.197
MinimumVisualStudioVersion = 10.0.40219.1
Project("{FAE04EC0-301F-11D3-BF4B-00C04F79EFBC}") = "ConsoleApp1", "ConsoleApp1\ConsoleApp1.csproj", "{7873124E-D6AF-4B20-913F-2E26271EC2F8}"
EndProject
Project("{FAE04EC0-301F-11D3-BF4B-00C04F79EFBC}") = "KOBracketPrinter", "KOBracketPrinter\KOBracketPrinter.csproj", "{7311CC75-178F-4550-826B-5E824BDB5AA3}"
EndProject
Project("{FAE04EC0-301F-11D3-BF4B-00C04F79EFBC}") = "TableFormatPrinter", "tableFormatPrinter\TableFormatPrinter.csproj", "{D4558C85-D3AE-4764-955D-8E9C2C45951C}"
EndProject
Project("{FAE04EC0-301F-11D3-BF4B-00C04F79EFBC}") = "TeamWithPlayersPrinter", "TeamWithPlayersPrinter\TeamWithPlayersPrinter.csproj", "{50470A26-0835-4D35-A749-48B84B9596CE}"
EndProject
Project("{FAE04EC0-301F-11D3-BF4B-00C04F79EFBC}") = "GroupsStagePrinter", "GroupsStagePrinter\GroupsStagePrinter.csproj", "{AF77DD28-7BF4-49C9-905E-F22DF031C483}"
EndProject
Project("{FAE04EC0-301F-11D3-BF4B-00C04F79EFBC}") = "RefereeSchedulePrinter", "RefereeSchedulePrinter\RefereeSchedulePrinter.csproj", "{3A0C5250-94FB-4431-9462-63CE6C5D9B57}"
EndProject
Global
	GlobalSection(SolutionConfigurationPlatforms) = preSolution
		Debug|Any CPU = Debug|Any CPU
		Release|Any CPU = Release|Any CPU
	EndGlobalSection
	GlobalSection(ProjectConfigurationPlatforms) = postSolution
		{7873124E-D6AF-4B20-913F-2E26271EC2F8}.Debug|Any CPU.ActiveCfg = Debug|Any CPU
		{7873124E-D6AF-4B20-913F-2E26271EC2F8}.Debug|Any CPU.Build.0 = Debug|Any CPU
		{7873124E-D6AF-4B20-913F-2E26271EC2F8}.Release|Any CPU.ActiveCfg = Release|Any CPU
		{7873124E-D6AF-4B20-913F-2E26271EC2F8}.Release|Any CPU.Build.0 = Release|Any CPU
		{7311CC75-178F-4550-826B-5E824BDB5AA3}.Debug|Any CPU.ActiveCfg = Debug|Any CPU
		{7311CC75-178F-4550-826B-5E824BDB5AA3}.Debug|Any CPU.Build.0 = Debug|Any CPU
		{7311CC75-178F-4550-826B-5E824BDB5AA3}.Release|Any CPU.ActiveCfg = Release|Any CPU
		{7311CC75-178F-4550-826B-5E824BDB5AA3}.Release|Any CPU.Build.0 = Release|Any CPU
		{D4558C85-D3AE-4764-955D-8E9C2C45951C}.Debug|Any CPU.ActiveCfg = Debug|Any CPU
		{D4558C85-D3AE-4764-955D-8E9C2C45951C}.Debug|Any CPU.Build.0 = Debug|Any CPU
		{D4558C85-D3AE-4764-955D-8E9C2C45951C}.Release|Any CPU.ActiveCfg = Release|Any CPU
		{D4558C85-D3AE-4764-955D-8E9C2C45951C}.Release|Any CPU.Build.0 = Release|Any CPU
		{50470A26-0835-4D35-A749-48B84B9596CE}.Debug|Any CPU.ActiveCfg = Debug|Any CPU
		{50470A26-0835-4D35-A749-48B84B9596CE}.Debug|Any CPU.Build.0 = Debug|Any CPU
		{50470A26-0835-4D35-A749-48B84B9596CE}.Release|Any CPU.ActiveCfg = Release|Any CPU
		{50470A26-0835-4D35-A749-48B84B9596CE}.Release|Any CPU.Build.0 = Release|Any CPU
		{AF77DD28-7BF4-49C9-905E-F22DF031C483}.Debug|Any CPU.ActiveCfg = Debug|Any CPU
		{AF77DD28-7BF4-49C9-905E-F22DF031C483}.Debug|Any CPU.Build.0 = Debug|Any CPU
		{AF77DD28-7BF4-49C9-905E-F22DF031C483}.Release|Any CPU.ActiveCfg = Release|Any CPU
		{AF77DD28-7BF4-49C9-905E-F22DF031C483}.Release|Any CPU.Build.0 = Release|Any CPU
		{3A0C5250-94FB-4431-9462-63CE6C5D9B57}.Debug|Any CPU.ActiveCfg = Debug|Any CPU
		{3A0C5250-94FB-4431-9462-63CE6C5D9B57}.Debug|Any CPU.Build.0 = Debug|Any CPU
		{3A0C5250-94FB-4431-9462-63CE6C5D9B57}.Release|Any CPU.ActiveCfg = Release|Any CPU
		{3A0C5250-94FB-4431-9462-63CE6C5D9B57}.Release|Any CPU.Build.0 = Release|Any CPU
	EndGlobalSection
	GlobalSection(SolutionProperties) = preSolution
		HideSolutionNode = FALSE
	EndGlobalSection
	GlobalSection(ExtensibilityGlobals) = postSolution
		SolutionGuid = {3A3FD47E-74C5-4B60-9D86-2C454D4B4713}
	EndGlobalSection
EndGlobal
